
Microsoft Visual Studio Solution File, Format Version 12.00
# Visual Studio Version 17
VisualStudioVersion = 17.11.35222.181
MinimumVisualStudioVersion = 10.0.40219.1
Project("{FAE04EC0-301F-11D3-BF4B-00C04F79EFBC}") = "helsinki", "helsinki\helsinki.csproj", "{D5B31464-B1FE-470C-8FDE-54EB44025D76}"
EndProject
Global
	GlobalSection(SolutionConfigurationPlatforms) = preSolution
		Debug|Any CPU = Debug|Any CPU
		Release|Any CPU = Release|Any CPU
	EndGlobalSection
	GlobalSection(ProjectConfigurationPlatforms) = postSolution
		{D5B31464-B1FE-470C-8FDE-54EB44025D76}.Debug|Any CPU.ActiveCfg = Debug|Any CPU
		{D5B31464-B1FE-470C-8FDE-54EB44025D76}.Debug|Any CPU.Build.0 = Debug|Any CPU
		{D5B31464-B1FE-470C-8FDE-54EB44025D76}.Release|Any CPU.ActiveCfg = Release|Any CPU
		{D5B31464-B1FE-470C-8FDE-54EB44025D76}.Release|Any CPU.Build.0 = Release|Any CPU
	EndGlobalSection
	GlobalSection(SolutionProperties) = preSolution
		HideSolutionNode = FALSE
	EndGlobalSection
	GlobalSection(ExtensibilityGlobals) = postSolution
		SolutionGuid = {AEAFF200-4846-4109-8EA8-91077897889A}
	EndGlobalSection
EndGlobal
